
Microsoft Visual Studio Solution File, Format Version 12.00
# Visual Studio Version 16
VisualStudioVersion = 16.0.28803.156
MinimumVisualStudioVersion = 10.0.40219.1
Project("{FAE04EC0-301F-11D3-BF4B-00C04F79EFBC}") = "MLDeepLearningTest", "MLDeepLearningTest\MLDeepLearningTest.csproj", "{4499CFFF-2558-41D5-9BC8-A8BF4C8E9B78}"
EndProject
Global
	GlobalSection(SolutionConfigurationPlatforms) = preSolution
		Debug|Any CPU = Debug|Any CPU
		Release|Any CPU = Release|Any CPU
	EndGlobalSection
	GlobalSection(ProjectConfigurationPlatforms) = postSolution
		{4499CFFF-2558-41D5-9BC8-A8BF4C8E9B78}.Debug|Any CPU.ActiveCfg = Debug|Any CPU
		{4499CFFF-2558-41D5-9BC8-A8BF4C8E9B78}.Debug|Any CPU.Build.0 = Debug|Any CPU
		{4499CFFF-2558-41D5-9BC8-A8BF4C8E9B78}.Release|Any CPU.ActiveCfg = Release|Any CPU
		{4499CFFF-2558-41D5-9BC8-A8BF4C8E9B78}.Release|Any CPU.Build.0 = Release|Any CPU
	EndGlobalSection
	GlobalSection(SolutionProperties) = preSolution
		HideSolutionNode = FALSE
	EndGlobalSection
	GlobalSection(ExtensibilityGlobals) = postSolution
		SolutionGuid = {B680EF5A-ADDE-4416-891C-78C7B109DC8F}
	EndGlobalSection
EndGlobal
